
Microsoft Visual Studio Solution File, Format Version 12.00
# Visual Studio Version 17
VisualStudioVersion = 17.1.32228.430
MinimumVisualStudioVersion = 10.0.40219.1
Project("{FAE04EC0-301F-11D3-BF4B-00C04F79EFBC}") = "MoviesApp", "MoviesApp\MoviesApp.csproj", "{820513BB-AA06-43B3-B166-8A90F1647036}"
EndProject
Global
	GlobalSection(SolutionConfigurationPlatforms) = preSolution
		Debug|Any CPU = Debug|Any CPU
		Release|Any CPU = Release|Any CPU
	EndGlobalSection
	GlobalSection(ProjectConfigurationPlatforms) = postSolution
		{820513BB-AA06-43B3-B166-8A90F1647036}.Debug|Any CPU.ActiveCfg = Debug|Any CPU
		{820513BB-AA06-43B3-B166-8A90F1647036}.Debug|Any CPU.Build.0 = Debug|Any CPU
		{820513BB-AA06-43B3-B166-8A90F1647036}.Release|Any CPU.ActiveCfg = Release|Any CPU
		{820513BB-AA06-43B3-B166-8A90F1647036}.Release|Any CPU.Build.0 = Release|Any CPU
	EndGlobalSection
	GlobalSection(SolutionProperties) = preSolution
		HideSolutionNode = FALSE
	EndGlobalSection
	GlobalSection(ExtensibilityGlobals) = postSolution
		SolutionGuid = {30BE8B89-BB94-4083-AE06-AF8523B7EA39}
	EndGlobalSection
EndGlobal
